Microsoft Visual Studio Solution File, Format Version 11.00
# Visual Studio 2010
Project("{8BC9CEB8-8B4A-11D0-8D11-00A0C91BC942}") = "DES_GOBSTG", "..\DES_GOBSTG\DES_GOBSTG\DES_GOBSTG.vcxproj", "{7329E15F-F0AE-44EE-BC64-27B9038C76D7}"
EndProject
Project("{8BC9CEB8-8B4A-11D0-8D11-00A0C91BC942}") = "hgeParticleEditor", "..\hgeParticleEditor\hgeParticleEditor.vcxproj", "{FDA21157-179D-444D-877B-DC7A20668803}"
EndProject
Project("{8BC9CEB8-8B4A-11D0-8D11-00A0C91BC942}") = "ReplayView", "..\ReplayView\ReplayView.vcxproj", "{997877FE-1AB7-4AF1-8E33-505A99E4FD82}"
EndProject
Project("{8BC9CEB8-8B4A-11D0-8D11-00A0C91BC942}") = "ResourcePack", "..\ResourcePack\ResourcePack.vcxproj", "{CC6B7C65-9F18-4357-9789-720008D179D0}"
EndProject
Project("{8BC9CEB8-8B4A-11D0-8D11-00A0C91BC942}") = "Custom", "..\Custom\Custom.vcxproj", "{81A7E638-AF60-4BE7-9439-827179617AC1}"
EndProject
Project("{8BC9CEB8-8B4A-11D0-8D11-00A0C91BC942}") = "hge", "..\src\core\hge.vcxproj", "{32B00EEA-7CF8-44B6-82B4-0EA67C7C4E54}"
EndProject
Project("{8BC9CEB8-8B4A-11D0-8D11-00A0C91BC942}") = "hgehelp", "..\src\helpers\hgehelp.vcxproj", "{FA197D84-4A1A-4FD4-92FA-536A84867C25}"
EndProject
Project("{8BC9CEB8-8B4A-11D0-8D11-00A0C91BC942}") = "ResourceUnpack", "..\ResourceUnpack\ResourceUnpack.vcxproj", "{407FE0E9-7DE2-4051-B96B-122069263389}"
EndProject
Global
	GlobalSection(SolutionConfigurationPlatforms) = preSolution
		Debug|Win32 = Debug|Win32
		FinalRelease|Win32 = FinalRelease|Win32
		Release|Win32 = Release|Win32
	EndGlobalSection
	GlobalSection(ProjectConfigurationPlatforms) = postSolution
		{7329E15F-F0AE-44EE-BC64-27B9038C76D7}.Debug|Win32.ActiveCfg = Debug|Win32
		{7329E15F-F0AE-44EE-BC64-27B9038C76D7}.Debug|Win32.Build.0 = Debug|Win32
		{7329E15F-F0AE-44EE-BC64-27B9038C76D7}.FinalRelease|Win32.ActiveCfg = FinalRelease|Win32
		{7329E15F-F0AE-44EE-BC64-27B9038C76D7}.FinalRelease|Win32.Build.0 = FinalRelease|Win32
		{7329E15F-F0AE-44EE-BC64-27B9038C76D7}.Release|Win32.ActiveCfg = Release|Win32
		{7329E15F-F0AE-44EE-BC64-27B9038C76D7}.Release|Win32.Build.0 = Release|Win32
		{FDA21157-179D-444D-877B-DC7A20668803}.Debug|Win32.ActiveCfg = Debug|Win32
		{FDA21157-179D-444D-877B-DC7A20668803}.Debug|Win32.Build.0 = Debug|Win32
		{FDA21157-179D-444D-877B-DC7A20668803}.FinalRelease|Win32.ActiveCfg = FinalRelease|Win32
		{FDA21157-179D-444D-877B-DC7A20668803}.FinalRelease|Win32.Build.0 = FinalRelease|Win32
		{FDA21157-179D-444D-877B-DC7A20668803}.Release|Win32.ActiveCfg = Release|Win32
		{FDA21157-179D-444D-877B-DC7A20668803}.Release|Win32.Build.0 = Release|Win32
		{997877FE-1AB7-4AF1-8E33-505A99E4FD82}.Debug|Win32.ActiveCfg = Debug|Win32
		{997877FE-1AB7-4AF1-8E33-505A99E4FD82}.Debug|Win32.Build.0 = Debug|Win32
		{997877FE-1AB7-4AF1-8E33-505A99E4FD82}.FinalRelease|Win32.ActiveCfg = FinalRelease|Win32
		{997877FE-1AB7-4AF1-8E33-505A99E4FD82}.FinalRelease|Win32.Build.0 = FinalRelease|Win32
		{997877FE-1AB7-4AF1-8E33-505A99E4FD82}.Release|Win32.ActiveCfg = Release|Win32
		{997877FE-1AB7-4AF1-8E33-505A99E4FD82}.Release|Win32.Build.0 = Release|Win32
		{CC6B7C65-9F18-4357-9789-720008D179D0}.Debug|Win32.ActiveCfg = Debug|Win32
		{CC6B7C65-9F18-4357-9789-720008D179D0}.Debug|Win32.Build.0 = Debug|Win32
		{CC6B7C65-9F18-4357-9789-720008D179D0}.FinalRelease|Win32.ActiveCfg = FinalRelease|Win32
		{CC6B7C65-9F18-4357-9789-720008D179D0}.FinalRelease|Win32.Build.0 = FinalRelease|Win32
		{CC6B7C65-9F18-4357-9789-720008D179D0}.Release|Win32.ActiveCfg = Release|Win32
		{CC6B7C65-9F18-4357-9789-720008D179D0}.Release|Win32.Build.0 = Release|Win32
		{81A7E638-AF60-4BE7-9439-827179617AC1}.Debug|Win32.ActiveCfg = Debug|Win32
		{81A7E638-AF60-4BE7-9439-827179617AC1}.Debug|Win32.Build.0 = Debug|Win32
		{81A7E638-AF60-4BE7-9439-827179617AC1}.FinalRelease|Win32.ActiveCfg = FinalRelease|Win32
		{81A7E638-AF60-4BE7-9439-827179617AC1}.FinalRelease|Win32.Build.0 = FinalRelease|Win32
		{81A7E638-AF60-4BE7-9439-827179617AC1}.Release|Win32.ActiveCfg = Release|Win32
		{81A7E638-AF60-4BE7-9439-827179617AC1}.Release|Win32.Build.0 = Release|Win32
		{32B00EEA-7CF8-44B6-82B4-0EA67C7C4E54}.Debug|Win32.ActiveCfg = Debug|Win32
		{32B00EEA-7CF8-44B6-82B4-0EA67C7C4E54}.Debug|Win32.Build.0 = Debug|Win32
		{32B00EEA-7CF8-44B6-82B4-0EA67C7C4E54}.FinalRelease|Win32.ActiveCfg = Release|Win32
		{32B00EEA-7CF8-44B6-82B4-0EA67C7C4E54}.FinalRelease|Win32.Build.0 = Release|Win32
		{32B00EEA-7CF8-44B6-82B4-0EA67C7C4E54}.Release|Win32.ActiveCfg = Release|Win32
		{32B00EEA-7CF8-44B6-82B4-0EA67C7C4E54}.Release|Win32.Build.0 = Release|Win32
		{FA197D84-4A1A-4FD4-92FA-536A84867C25}.Debug|Win32.ActiveCfg = Debug|Win32
		{FA197D84-4A1A-4FD4-92FA-536A84867C25}.Debug|Win32.Build.0 = Debug|Win32
		{FA197D84-4A1A-4FD4-92FA-536A84867C25}.FinalRelease|Win32.ActiveCfg = Release|Win32
		{FA197D84-4A1A-4FD4-92FA-536A84867C25}.FinalRelease|Win32.Build.0 = Release|Win32
		{FA197D84-4A1A-4FD4-92FA-536A84867C25}.Release|Win32.ActiveCfg = Release|Win32
		{FA197D84-4A1A-4FD4-92FA-536A84867C25}.Release|Win32.Build.0 = Release|Win32
		{407FE0E9-7DE2-4051-B96B-122069263389}.Debug|Win32.ActiveCfg = Debug|Win32
		{407FE0E9-7DE2-4051-B96B-122069263389}.Debug|Win32.Build.0 = Debug|Win32
		{407FE0E9-7DE2-4051-B96B-122069263389}.FinalRelease|Win32.ActiveCfg = FinalRelease|Win32
		{407FE0E9-7DE2-4051-B96B-122069263389}.FinalRelease|Win32.Build.0 = FinalRelease|Win32
		{407FE0E9-7DE2-4051-B96B-122069263389}.Release|Win32.ActiveCfg = Release|Win32
		{407FE0E9-7DE2-4051-B96B-122069263389}.Release|Win32.Build.0 = Release|Win32
	EndGlobalSection
	GlobalSection(SolutionProperties) = preSolution
		HideSolutionNode = FALSE
	EndGlobalSection
EndGlobal
