<?xml version="1.0" encoding="utf-8"?>
<Project ToolsVersion="4.0" xmlns="http://schemas.microsoft.com/developer/msbuild/2003">
  <ItemGroup>
    <Filter Include="Source Files">
      <UniqueIdentifier>{2e531939-edae-4321-b5ee-8397f1607626}</UniqueIdentifier>
      <Extensions>cpp;c;cxx;rc;def;r;odl;idl;hpj;bat</Extensions>
    </Filter>
    <Filter Include="Source Files\ZLIB">
      <UniqueIdentifier>{a60ed6ce-5da9-4554-98f7-bfe8ab2f887b}</UniqueIdentifier>
    </Filter>
    <Filter Include="Source Files\MMGR">
      <UniqueIdentifier>{c76d37e6-2d14-48cd-a28d-fc8d97ac01c4}</UniqueIdentifier>
    </Filter>
    <Filter Include="Source Files\Exception">
      <UniqueIdentifier>{76dd74d4-ef35-4173-b9c5-2b1092d38a7f}</UniqueIdentifier>
    </Filter>
    <Filter Include="Source Files\PSP">
      <UniqueIdentifier>{db2ae747-3f9d-47ab-8042-d5186f85aa9f}</UniqueIdentifier>
    </Filter>
    <Filter Include="Header Files">
      <UniqueIdentifier>{3e07b8ac-376c-492b-a5be-e3a132576004}</UniqueIdentifier>
      <Extensions>h;hpp;hxx;hm;inl</Extensions>
    </Filter>
  </ItemGroup>
  <ItemGroup>
    <ClCompile Include="font.cpp">
      <Filter>Source Files</Filter>
    </ClCompile>
    <ClCompile Include="graphics.cpp">
      <Filter>Source Files</Filter>
    </ClCompile>
    <ClCompile Include="ini.cpp">
      <Filter>Source Files</Filter>
    </ClCompile>
    <ClCompile Include="input.cpp">
      <Filter>Source Files</Filter>
    </ClCompile>
    <ClCompile Include="math.cpp">
      <Filter>Source Files</Filter>
    </ClCompile>
    <ClCompile Include="random.cpp">
      <Filter>Source Files</Filter>
    </ClCompile>
    <ClCompile Include="resource.cpp">
      <Filter>Source Files</Filter>
    </ClCompile>
    <ClCompile Include="sound.cpp">
      <Filter>Source Files</Filter>
    </ClCompile>
    <ClCompile Include="system.cpp">
      <Filter>Source Files</Filter>
    </ClCompile>
    <ClCompile Include="timer.cpp">
      <Filter>Source Files</Filter>
    </ClCompile>
    <ClCompile Include="Zlib\adler32.c">
      <Filter>Source Files\ZLIB</Filter>
    </ClCompile>
    <ClCompile Include="Zlib\compress.c">
      <Filter>Source Files\ZLIB</Filter>
    </ClCompile>
    <ClCompile Include="Zlib\crc32.c">
      <Filter>Source Files\ZLIB</Filter>
    </ClCompile>
    <ClCompile Include="Zlib\deflate.c">
      <Filter>Source Files\ZLIB</Filter>
    </ClCompile>
    <ClCompile Include="Zlib\gzio.c">
      <Filter>Source Files\ZLIB</Filter>
    </ClCompile>
    <ClCompile Include="Zlib\infback.c">
      <Filter>Source Files\ZLIB</Filter>
    </ClCompile>
    <ClCompile Include="Zlib\inffast.c">
      <Filter>Source Files\ZLIB</Filter>
    </ClCompile>
    <ClCompile Include="Zlib\inflate.c">
      <Filter>Source Files\ZLIB</Filter>
    </ClCompile>
    <ClCompile Include="Zlib\inftrees.c">
      <Filter>Source Files\ZLIB</Filter>
    </ClCompile>
    <ClCompile Include="Zlib\ioapi.c">
      <Filter>Source Files\ZLIB</Filter>
    </ClCompile>
    <ClCompile Include="Zlib\iowin32.c">
      <Filter>Source Files\ZLIB</Filter>
    </ClCompile>
    <ClCompile Include="Zlib\mztools.c">
      <Filter>Source Files\ZLIB</Filter>
    </ClCompile>
    <ClCompile Include="Zlib\trees.c">
      <Filter>Source Files\ZLIB</Filter>
    </ClCompile>
    <ClCompile Include="Zlib\uncompr.c">
      <Filter>Source Files\ZLIB</Filter>
    </ClCompile>
    <ClCompile Include="Zlib\unzip.c">
      <Filter>Source Files\ZLIB</Filter>
    </ClCompile>
    <ClCompile Include="Zlib\zip.c">
      <Filter>Source Files\ZLIB</Filter>
    </ClCompile>
    <ClCompile Include="Zlib\zutil.c">
      <Filter>Source Files\ZLIB</Filter>
    </ClCompile>
    <ClCompile Include="..\..\mmgr\mmgr.cpp">
      <Filter>Source Files\MMGR</Filter>
    </ClCompile>
    <ClCompile Include="..\Exception\exception.c">
      <Filter>Source Files\Exception</Filter>
    </ClCompile>
    <ClCompile Include="..\PSP\PSP_framebuffer.cpp">
      <Filter>Source Files\PSP</Filter>
    </ClCompile>
    <ClCompile Include="..\PSP\PSP_graphics.cpp">
      <Filter>Source Files\PSP</Filter>
    </ClCompile>
  </ItemGroup>
  <ItemGroup>
    <None Include="hge.def">
      <Filter>Source Files</Filter>
    </None>
  </ItemGroup>
  <ItemGroup>
    <ClInclude Include="..\..\mmgr\mmgr.h">
      <Filter>Source Files\MMGR</Filter>
    </ClInclude>
    <ClInclude Include="..\..\mmgr\nommgr.h">
      <Filter>Source Files\MMGR</Filter>
    </ClInclude>
    <ClInclude Include="..\..\include\exception.h">
      <Filter>Source Files\Exception</Filter>
    </ClInclude>
    <ClInclude Include="..\PSP\PSP_framebuffer.h">
      <Filter>Source Files\PSP</Filter>
    </ClInclude>
    <ClInclude Include="..\PSP\PSP_graphics.h">
      <Filter>Source Files\PSP</Filter>
    </ClInclude>
    <ClInclude Include="..\..\include\hge.h">
      <Filter>Header Files</Filter>
    </ClInclude>
    <ClInclude Include="..\..\include\hge_defines.h">
      <Filter>Header Files</Filter>
    </ClInclude>
    <ClInclude Include="hge_impl.h">
      <Filter>Header Files</Filter>
    </ClInclude>
  </ItemGroup>
</Project>